
Microsoft Visual Studio Solution File, Format Version 12.00
# Visual Studio 2012
Project("{FAE04EC0-301F-11D3-BF4B-00C04F79EFBC}") = "nbCcTalkCoinAcceptor", "nbCcTalkCoinAcceptor\nbCcTalkCoinAcceptor.csproj", "{B607E8A2-7B39-4892-945D-CF5EEB4B8819}"
EndProject
Project("{FAE04EC0-301F-11D3-BF4B-00C04F79EFBC}") = "cctalklib", "cctalkLib\cctalklib.csproj", "{32866FA6-BCA4-4FE8-9006-CFE92780B9BF}"
EndProject
Global
	GlobalSection(SolutionConfigurationPlatforms) = preSolution
		Debug|Any CPU = Debug|Any CPU
		Release|Any CPU = Release|Any CPU
	EndGlobalSection
	GlobalSection(ProjectConfigurationPlatforms) = postSolution
		{B607E8A2-7B39-4892-945D-CF5EEB4B8819}.Debug|Any CPU.ActiveCfg = Debug|Any CPU
		{B607E8A2-7B39-4892-945D-CF5EEB4B8819}.Debug|Any CPU.Build.0 = Debug|Any CPU
		{B607E8A2-7B39-4892-945D-CF5EEB4B8819}.Release|Any CPU.ActiveCfg = Release|Any CPU
		{B607E8A2-7B39-4892-945D-CF5EEB4B8819}.Release|Any CPU.Build.0 = Release|Any CPU
		{32866FA6-BCA4-4FE8-9006-CFE92780B9BF}.Debug|Any CPU.ActiveCfg = Debug|Any CPU
		{32866FA6-BCA4-4FE8-9006-CFE92780B9BF}.Debug|Any CPU.Build.0 = Debug|Any CPU
		{32866FA6-BCA4-4FE8-9006-CFE92780B9BF}.Release|Any CPU.ActiveCfg = Release|Any CPU
		{32866FA6-BCA4-4FE8-9006-CFE92780B9BF}.Release|Any CPU.Build.0 = Release|Any CPU
	EndGlobalSection
	GlobalSection(SolutionProperties) = preSolution
		HideSolutionNode = FALSE
	EndGlobalSection
EndGlobal
